
Microsoft Visual Studio Solution File, Format Version 12.00
# Visual Studio 15
VisualStudioVersion = 15.0.28010.2036
MinimumVisualStudioVersion = 10.0.40219.1
Project("{FAE04EC0-301F-11D3-BF4B-00C04F79EFBC}") = "FPService", "FPService\FPService.csproj", "{D73AB749-4393-46CC-BE3C-5B8D59EEDC9C}"
EndProject
Global
	GlobalSection(SolutionConfigurationPlatforms) = preSolution
		Debug|Any CPU = Debug|Any CPU
		Release|Any CPU = Release|Any CPU
	EndGlobalSection
	GlobalSection(ProjectConfigurationPlatforms) = postSolution
		{D73AB749-4393-46CC-BE3C-5B8D59EEDC9C}.Debug|Any CPU.ActiveCfg = Debug|Any CPU
		{D73AB749-4393-46CC-BE3C-5B8D59EEDC9C}.Debug|Any CPU.Build.0 = Debug|Any CPU
		{D73AB749-4393-46CC-BE3C-5B8D59EEDC9C}.Release|Any CPU.ActiveCfg = Release|Any CPU
		{D73AB749-4393-46CC-BE3C-5B8D59EEDC9C}.Release|Any CPU.Build.0 = Release|Any CPU
	EndGlobalSection
	GlobalSection(SolutionProperties) = preSolution
		HideSolutionNode = FALSE
	EndGlobalSection
	GlobalSection(ExtensibilityGlobals) = postSolution
		SolutionGuid = {E08FC4E8-DAEE-4CE7-AEEB-C18FB955C5DE}
	EndGlobalSection
EndGlobal
